
Microsoft Visual Studio Solution File, Format Version 12.00
# Visual Studio 2013
VisualStudioVersion = 12.0.40629.0
MinimumVisualStudioVersion = 10.0.40219.1
Project("{FAE04EC0-301F-11D3-BF4B-00C04F79EFBC}") = "Points", "Points\Points.csproj", "{756DE4BB-201E-45B7-A0D8-76EE7B162EDC}"
EndProject
Project("{FAE04EC0-301F-11D3-BF4B-00C04F79EFBC}") = "Word-Game", "Word-Game\Word-Game.csproj", "{873CF0B0-9519-4DDE-A1C6-7B2271D893C7}"
EndProject
Project("{FAE04EC0-301F-11D3-BF4B-00C04F79EFBC}") = "DependenciesResolving", "DependenciesResolving\DependenciesResolving.csproj", "{0DC2E3D0-E01F-4011-BD79-FE055B333E5B}"
EndProject
Global
	GlobalSection(SolutionConfigurationPlatforms) = preSolution
		Debug|Any CPU = Debug|Any CPU
		Release|Any CPU = Release|Any CPU
	EndGlobalSection
	GlobalSection(ProjectConfigurationPlatforms) = postSolution
		{756DE4BB-201E-45B7-A0D8-76EE7B162EDC}.Debug|Any CPU.ActiveCfg = Debug|Any CPU
		{756DE4BB-201E-45B7-A0D8-76EE7B162EDC}.Debug|Any CPU.Build.0 = Debug|Any CPU
		{756DE4BB-201E-45B7-A0D8-76EE7B162EDC}.Release|Any CPU.ActiveCfg = Release|Any CPU
		{756DE4BB-201E-45B7-A0D8-76EE7B162EDC}.Release|Any CPU.Build.0 = Release|Any CPU
		{873CF0B0-9519-4DDE-A1C6-7B2271D893C7}.Debug|Any CPU.ActiveCfg = Debug|Any CPU
		{873CF0B0-9519-4DDE-A1C6-7B2271D893C7}.Debug|Any CPU.Build.0 = Debug|Any CPU
		{873CF0B0-9519-4DDE-A1C6-7B2271D893C7}.Release|Any CPU.ActiveCfg = Release|Any CPU
		{873CF0B0-9519-4DDE-A1C6-7B2271D893C7}.Release|Any CPU.Build.0 = Release|Any CPU
		{0DC2E3D0-E01F-4011-BD79-FE055B333E5B}.Debug|Any CPU.ActiveCfg = Debug|Any CPU
		{0DC2E3D0-E01F-4011-BD79-FE055B333E5B}.Debug|Any CPU.Build.0 = Debug|Any CPU
		{0DC2E3D0-E01F-4011-BD79-FE055B333E5B}.Release|Any CPU.ActiveCfg = Release|Any CPU
		{0DC2E3D0-E01F-4011-BD79-FE055B333E5B}.Release|Any CPU.Build.0 = Release|Any CPU
	EndGlobalSection
	GlobalSection(SolutionProperties) = preSolution
		HideSolutionNode = FALSE
	EndGlobalSection
EndGlobal
